
Microsoft Visual Studio Solution File, Format Version 12.00
# Visual Studio Version 16
VisualStudioVersion = 16.0.30128.74
MinimumVisualStudioVersion = 10.0.40219.1
Project("{FAE04EC0-301F-11D3-BF4B-00C04F79EFBC}") = "verifyTagsGUI", "verifyTagsGUI.csproj", "{87784F91-1ACF-4B28-8095-07F17AF023DD}"
EndProject
Global
	GlobalSection(SolutionConfigurationPlatforms) = preSolution
		Debug|Any CPU = Debug|Any CPU
		Release|Any CPU = Release|Any CPU
	EndGlobalSection
	GlobalSection(ProjectConfigurationPlatforms) = postSolution
		{87784F91-1ACF-4B28-8095-07F17AF023DD}.Debug|Any CPU.ActiveCfg = Debug|Any CPU
		{87784F91-1ACF-4B28-8095-07F17AF023DD}.Debug|Any CPU.Build.0 = Debug|Any CPU
		{87784F91-1ACF-4B28-8095-07F17AF023DD}.Release|Any CPU.ActiveCfg = Release|Any CPU
		{87784F91-1ACF-4B28-8095-07F17AF023DD}.Release|Any CPU.Build.0 = Release|Any CPU
	EndGlobalSection
	GlobalSection(SolutionProperties) = preSolution
		HideSolutionNode = FALSE
	EndGlobalSection
	GlobalSection(ExtensibilityGlobals) = postSolution
		SolutionGuid = {65F96747-F68A-4E8E-9E0A-70E902A97682}
	EndGlobalSection
EndGlobal
